
Microsoft Visual Studio Solution File, Format Version 12.00
# Visual Studio Version 17
VisualStudioVersion = 17.7.34221.43
MinimumVisualStudioVersion = 10.0.40219.1
Project("{FAE04EC0-301F-11D3-BF4B-00C04F79EFBC}") = "proeduedge", "proeduedge.csproj", "{07ECEF8D-AB06-47DE-8BB9-4FDA4A76421E}"
EndProject
Global
	GlobalSection(SolutionConfigurationPlatforms) = preSolution
		Debug|Any CPU = Debug|Any CPU
		Release|Any CPU = Release|Any CPU
	EndGlobalSection
	GlobalSection(ProjectConfigurationPlatforms) = postSolution
		{07ECEF8D-AB06-47DE-8BB9-4FDA4A76421E}.Debug|Any CPU.ActiveCfg = Debug|Any CPU
		{07ECEF8D-AB06-47DE-8BB9-4FDA4A76421E}.Debug|Any CPU.Build.0 = Debug|Any CPU
		{07ECEF8D-AB06-47DE-8BB9-4FDA4A76421E}.Release|Any CPU.ActiveCfg = Release|Any CPU
		{07ECEF8D-AB06-47DE-8BB9-4FDA4A76421E}.Release|Any CPU.Build.0 = Release|Any CPU
	EndGlobalSection
	GlobalSection(SolutionProperties) = preSolution
		HideSolutionNode = FALSE
	EndGlobalSection
	GlobalSection(ExtensibilityGlobals) = postSolution
		SolutionGuid = {2B678E70-F8A6-4811-9A1B-5FDF35332F4E}
	EndGlobalSection
EndGlobal
